
Microsoft Visual Studio Solution File, Format Version 12.00
# Visual Studio Version 17
VisualStudioVersion = 17.14.36811.4 d17.14
MinimumVisualStudioVersion = 10.0.40219.1
Project("{FAE04EC0-301F-11D3-BF4B-00C04F79EFBC}") = "ISIP224_Hazov", "ISIP224_Hazov\ISIP224_Hazov.csproj", "{0DBF378D-FE0B-42F4-8E1E-F5D6D1943A9B}"
EndProject
Global
	GlobalSection(SolutionConfigurationPlatforms) = preSolution
		Debug|Any CPU = Debug|Any CPU
		Release|Any CPU = Release|Any CPU
	EndGlobalSection
	GlobalSection(ProjectConfigurationPlatforms) = postSolution
		{0DBF378D-FE0B-42F4-8E1E-F5D6D1943A9B}.Debug|Any CPU.ActiveCfg = Debug|Any CPU
		{0DBF378D-FE0B-42F4-8E1E-F5D6D1943A9B}.Debug|Any CPU.Build.0 = Debug|Any CPU
		{0DBF378D-FE0B-42F4-8E1E-F5D6D1943A9B}.Release|Any CPU.ActiveCfg = Release|Any CPU
		{0DBF378D-FE0B-42F4-8E1E-F5D6D1943A9B}.Release|Any CPU.Build.0 = Release|Any CPU
	EndGlobalSection
	GlobalSection(SolutionProperties) = preSolution
		HideSolutionNode = FALSE
	EndGlobalSection
	GlobalSection(ExtensibilityGlobals) = postSolution
		SolutionGuid = {2C58EF39-292B-4D31-AEAF-6B7BC68B0782}
	EndGlobalSection
EndGlobal
